
Microsoft Visual Studio Solution File, Format Version 12.00
# Visual Studio 14
VisualStudioVersion = 14.0.24720.0
MinimumVisualStudioVersion = 10.0.40219.1
Project("{FAE04EC0-301F-11D3-BF4B-00C04F79EFBC}") = "RunWithYou", "RunWithYou\RunWithYou.csproj", "{817D576B-6A07-4650-87DD-3E0D60CB185E}"
EndProject
Project("{FAE04EC0-301F-11D3-BF4B-00C04F79EFBC}") = "RunWithYou.Tests", "RunWithYou.Tests\RunWithYou.Tests.csproj", "{E8F0D0CC-E821-4155-B69F-7E577A65D685}"
EndProject
Project("{2150E333-8FDC-42A3-9474-1A3956D46DE8}") = "Site", "Site", "{BD22F7FC-3C95-4F01-9DFC-DA18B5603D3A}"
EndProject
Project("{2150E333-8FDC-42A3-9474-1A3956D46DE8}") = "Tests", "Tests", "{26123D34-5230-4455-A69D-4F0955CA30ED}"
EndProject
Project("{2150E333-8FDC-42A3-9474-1A3956D46DE8}") = "Data", "Data", "{DC1E3605-2079-4E6D-8D28-39D0E720F32D}"
EndProject
Project("{2150E333-8FDC-42A3-9474-1A3956D46DE8}") = "Business", "Business", "{37D5941C-9066-4822-BA76-A7ECB6C59B60}"
EndProject
Project("{2150E333-8FDC-42A3-9474-1A3956D46DE8}") = "Entities", "Entities", "{0C65CD5F-4DBF-4E4F-9FC6-FD07FEEB413C}"
EndProject
Project("{FAE04EC0-301F-11D3-BF4B-00C04F79EFBC}") = "RunWithYouData", "RunWithYouData\RunWithYouData.csproj", "{552830B8-0231-4533-9738-1D1AEAF56003}"
EndProject
Project("{FAE04EC0-301F-11D3-BF4B-00C04F79EFBC}") = "RunWithYouBusiness", "RunWithYouBusiness\RunWithYouBusiness.csproj", "{90AA2BFC-009A-40A4-8601-34B70CF3D1D1}"
EndProject
Project("{FAE04EC0-301F-11D3-BF4B-00C04F79EFBC}") = "RunWithYouEntities", "RunWithYouEntities\RunWithYouEntities.csproj", "{0B5DCE31-47FD-4F04-8EFB-E9A242EA2C3D}"
EndProject
Global
	GlobalSection(SolutionConfigurationPlatforms) = preSolution
		Debug|Any CPU = Debug|Any CPU
		Release|Any CPU = Release|Any CPU
	EndGlobalSection
	GlobalSection(ProjectConfigurationPlatforms) = postSolution
		{817D576B-6A07-4650-87DD-3E0D60CB185E}.Debug|Any CPU.ActiveCfg = Debug|Any CPU
		{817D576B-6A07-4650-87DD-3E0D60CB185E}.Debug|Any CPU.Build.0 = Debug|Any CPU
		{817D576B-6A07-4650-87DD-3E0D60CB185E}.Release|Any CPU.ActiveCfg = Release|Any CPU
		{817D576B-6A07-4650-87DD-3E0D60CB185E}.Release|Any CPU.Build.0 = Release|Any CPU
		{E8F0D0CC-E821-4155-B69F-7E577A65D685}.Debug|Any CPU.ActiveCfg = Debug|Any CPU
		{E8F0D0CC-E821-4155-B69F-7E577A65D685}.Debug|Any CPU.Build.0 = Debug|Any CPU
		{E8F0D0CC-E821-4155-B69F-7E577A65D685}.Release|Any CPU.ActiveCfg = Release|Any CPU
		{E8F0D0CC-E821-4155-B69F-7E577A65D685}.Release|Any CPU.Build.0 = Release|Any CPU
		{552830B8-0231-4533-9738-1D1AEAF56003}.Debug|Any CPU.ActiveCfg = Debug|Any CPU
		{552830B8-0231-4533-9738-1D1AEAF56003}.Debug|Any CPU.Build.0 = Debug|Any CPU
		{552830B8-0231-4533-9738-1D1AEAF56003}.Release|Any CPU.ActiveCfg = Release|Any CPU
		{552830B8-0231-4533-9738-1D1AEAF56003}.Release|Any CPU.Build.0 = Release|Any CPU
		{90AA2BFC-009A-40A4-8601-34B70CF3D1D1}.Debug|Any CPU.ActiveCfg = Debug|Any CPU
		{90AA2BFC-009A-40A4-8601-34B70CF3D1D1}.Debug|Any CPU.Build.0 = Debug|Any CPU
		{90AA2BFC-009A-40A4-8601-34B70CF3D1D1}.Release|Any CPU.ActiveCfg = Release|Any CPU
		{90AA2BFC-009A-40A4-8601-34B70CF3D1D1}.Release|Any CPU.Build.0 = Release|Any CPU
		{0B5DCE31-47FD-4F04-8EFB-E9A242EA2C3D}.Debug|Any CPU.ActiveCfg = Debug|Any CPU
		{0B5DCE31-47FD-4F04-8EFB-E9A242EA2C3D}.Debug|Any CPU.Build.0 = Debug|Any CPU
		{0B5DCE31-47FD-4F04-8EFB-E9A242EA2C3D}.Release|Any CPU.ActiveCfg = Release|Any CPU
		{0B5DCE31-47FD-4F04-8EFB-E9A242EA2C3D}.Release|Any CPU.Build.0 = Release|Any CPU
	EndGlobalSection
	GlobalSection(SolutionProperties) = preSolution
		HideSolutionNode = FALSE
	EndGlobalSection
	GlobalSection(NestedProjects) = preSolution
		{817D576B-6A07-4650-87DD-3E0D60CB185E} = {BD22F7FC-3C95-4F01-9DFC-DA18B5603D3A}
		{E8F0D0CC-E821-4155-B69F-7E577A65D685} = {26123D34-5230-4455-A69D-4F0955CA30ED}
		{552830B8-0231-4533-9738-1D1AEAF56003} = {DC1E3605-2079-4E6D-8D28-39D0E720F32D}
		{90AA2BFC-009A-40A4-8601-34B70CF3D1D1} = {37D5941C-9066-4822-BA76-A7ECB6C59B60}
		{0B5DCE31-47FD-4F04-8EFB-E9A242EA2C3D} = {0C65CD5F-4DBF-4E4F-9FC6-FD07FEEB413C}
	EndGlobalSection
EndGlobal
